# This file is automatically @generated by Poetry 2.2.1 and should not be changed by hand.

[[package]]
name = "configparser"
version = "7.2.0"
description = "Updated configparser from stdlib for earlier Pythons."
optional = false
python-versions = ">=3.9"
groups = ["main"]
files = [
    {file = "configparser-7.2.0-py3-none-any.whl", hash = "sha256:fee5e1f3db4156dcd0ed95bc4edfa3580475537711f67a819c966b389d09ce62"},
    {file = "configparser-7.2.0.tar.gz", hash = "sha256:b629cc8ae916e3afbd36d1b3d093f34193d851e11998920fdcfc4552218b7b70"},
]

[package.extras]
check = ["pytest-checkdocs (>=2.4)", "pytest-ruff (>=0.2.1) ; sys_platform != \"cygwin\""]
cover = ["pytest-cov"]
doc = ["furo", "jaraco.packaging (>=9.3)", "jaraco.tidelift (>=1.4)", "rst.linker (>=1.9)", "sphinx (>=3.5)", "sphinx-lint"]
enabler = ["pytest-enabler (>=2.2)"]
test = ["pytest (>=6,!=8.1.*)", "types-backports"]
type = ["pytest-mypy"]

[[package]]
name = "flake8"
version = "7.3.0"
description = "the modular source code checker: pep8 pyflakes and co"
optional = false
python-versions = ">=3.9"
groups = ["main"]
files = [
    {file = "flake8-7.3.0-py2.py3-none-any.whl", hash = "sha256:b9696257b9ce8beb888cdbe31cf885c90d31928fe202be0889a7cdafad32f01e"},
    {file = "flake8-7.3.0.tar.gz", hash = "sha256:fe044858146b9fc69b551a4b490d69cf960fcb78ad1edcb84e7fbb1b4a8e3872"},
]

[package.dependencies]
mccabe = ">=0.7.0,<0.8.0"
pycodestyle = ">=2.14.0,<2.15.0"
pyflakes = ">=3.4.0,<3.5.0"

[[package]]
name = "flake8-pyproject"
version = "1.2.4"
description = "Flake8 plug-in loading the configuration from pyproject.toml"
optional = false
python-versions = ">=3.6"
groups = ["main"]
files = [
    {file = "flake8_pyproject-1.2.4-py3-none-any.whl", hash = "sha256:ea34c057f9a9329c76d98723bb2bb498cc6ba8ff9872c4d19932d48c91249a77"},
]

[package.dependencies]
Flake8 = ">=5"

[package.extras]
dev = ["Flit (>=3.4)", "pyTest (>=7)", "pyTest-cov (>=7) ; python_version >= \"3.10\""]

[[package]]
name = "iso3166"
version = "2.1.1"
description = "Self-contained ISO 3166-1 country definitions."
optional = false
python-versions = ">=3.6"
groups = ["main"]
files = [
    {file = "iso3166-2.1.1-py3-none-any.whl", hash = "sha256:263660b36f8471c42acd1ff673d28a3715edbce7d24b1550d0cf010f6816c47f"},
    {file = "iso3166-2.1.1.tar.gz", hash = "sha256:fcd551b8dda66b44e9f9e6d6bbbee3a1145a22447c0a556e5d0fb1ad1e491719"},
]

[[package]]
name = "mccabe"
version = "0.7.0"
description = "McCabe checker, plugin for flake8"
optional = false
python-versions = ">=3.6"
groups = ["main"]
files = [
    {file = "mccabe-0.7.0-py2.py3-none-any.whl", hash = "sha256:6c2d30ab6be0e4a46919781807b4f0d834ebdd6c6e3dca0bda5a15f863427b6e"},
    {file = "mccabe-0.7.0.tar.gz", hash = "sha256:348e0240c33b60bbdf4e523192ef919f28cb2c3d7d5c7794f74009290f236325"},
]

[[package]]
name = "pycodestyle"
version = "2.14.0"
description = "Python style guide checker"
optional = false
python-versions = ">=3.9"
groups = ["main"]
files = [
    {file = "pycodestyle-2.14.0-py2.py3-none-any.whl", hash = "sha256:dd6bf7cb4ee77f8e016f9c8e74a35ddd9f67e1d5fd4184d86c3b98e07099f42d"},
    {file = "pycodestyle-2.14.0.tar.gz", hash = "sha256:c4b5b517d278089ff9d0abdec919cd97262a3367449ea1c8b49b91529167b783"},
]

[[package]]
name = "pyflakes"
version = "3.4.0"
description = "passive checker of Python programs"
optional = false
python-versions = ">=3.9"
groups = ["main"]
files = [
    {file = "pyflakes-3.4.0-py2.py3-none-any.whl", hash = "sha256:f742a7dbd0d9cb9ea41e9a24a918996e8170c799fa528688d40dd582c8265f4f"},
    {file = "pyflakes-3.4.0.tar.gz", hash = "sha256:b24f96fafb7d2ab0ec5075b7350b3d2d2218eab42003821c06344973d3ea2f58"},
]

[metadata]
lock-version = "2.1"
python-versions = ">=3.14"
content-hash = "6ef5b64149a2d6402d2f351eef795147f37115b32549f48ac6089bc789b76f60"
